{
    "_meta": {
        "hash": {
            "sha256": "27f83504f35f88df5428008303edf2026800cfe3145df88ff60490755bd8655d"
        },
        "pipfile-spec": 6,
        "requires": {},
        "sources": [
            {
                "name": "pypi",
                "url": "https://pypi.org/simple",
                "verify_ssl": true
            }
        ]
    },
    "default": {
        "click": {
            "hashes": [
                "sha256:8a18b4ea89d8820c5d0c7da8a64b2c324b4dabb695804dbfea19b9be9d88c0cc",
                "sha256:e345d143d80bf5ee7534056164e5e112ea5e22716bbb1ce727941f4c8b471b9a"
            ],
            "version": "==7.1.1"
        },
        "datetime": {
            "hashes": [
                "sha256:371dba07417b929a4fa685c2f7a3eaa6a62d60c02947831f97d4df9a9e70dfd0",
                "sha256:5cef605bab8259ff61281762cdf3290e459fbf0b4719951d5fab967d5f2ea0ea"
            ],
            "index": "pypi",
            "version": "==4.3"
        },
        "decorator": {
            "hashes": [
                "sha256:41fa54c2a0cc4ba648be4fd43cff00aedf5b9465c9bf18d64325bc225f08f760",
                "sha256:e3a62f0520172440ca0dcc823749319382e377f37f140a0b99ef45fecb84bfe7"
            ],
            "version": "==4.4.2"
        },
        "flask": {
            "hashes": [
                "sha256:13f9f196f330c7c2c5d7a5cf91af894110ca0215ac051b5844701f2bfd934d52",
                "sha256:45eb5a6fd193d6cf7e0cf5d8a5b31f83d5faae0293695626f539a823e93b13f6"
            ],
            "index": "pypi",
            "version": "==1.1.1"
        },
        "gunicorn": {
            "hashes": [
                "sha256:75af03c99389535f218cc596c7de74df4763803f7b63eb09d77e92b3956b36c6",
                "sha256:eee1169f0ca667be05db3351a0960765620dad53f53434262ff8901b68a1b622"
            ],
            "index": "pypi",
            "version": "==19.7.1"
        },
        "ibmcloudenv": {
            "hashes": [
                "sha256:a8b453b0b8b886545b8af47f64f425eb88351acc0b714336936fd6171ec7560e",
                "sha256:e008fe44c6c62cbfc632437a8877277786c901deb68f5f45e1fda8cb6be1bc4e"
            ],
            "index": "pypi",
            "version": "==0.2.1"
        },
        "itsdangerous": {
            "hashes": [
                "sha256:321b033d07f2a4136d3ec762eac9f16a10ccd60f53c0c91af90217ace7ba1f19",
                "sha256:b12271b2047cb23eeb98c8b5622e2e5c5e9abd9784a153e9d8ef9cb4dd09d749"
            ],
            "version": "==1.1.0"
        },
        "jinja2": {
            "hashes": [
                "sha256:93187ffbc7808079673ef52771baa950426fd664d3aad1d0fa3e95644360e250",
                "sha256:b0eaf100007721b5c16c1fc1eecb87409464edc10469ddc9a22a27a99123be49"
            ],
            "version": "==2.11.1"
        },
        "jsonpath-rw": {
            "hashes": [
                "sha256:05c471281c45ae113f6103d1268ec7a4831a2e96aa80de45edc89b11fac4fbec"
            ],
            "version": "==1.4.0"
        },
        "livereload": {
            "hashes": [
                "sha256:78d55f2c268a8823ba499305dcac64e28ddeb9a92571e12d543cd304faf5817b",
                "sha256:89254f78d7529d7ea0a3417d224c34287ebfe266b05e67e51facaf82c27f0f66"
            ],
            "index": "pypi",
            "version": "==2.6.1"
        },
        "markupsafe": {
            "hashes": [
                "sha256:00bc623926325b26bb9605ae9eae8a215691f33cae5df11ca5424f06f2d1f473",
                "sha256:09027a7803a62ca78792ad89403b1b7a73a01c8cb65909cd876f7fcebd79b161",
                "sha256:09c4b7f37d6c648cb13f9230d847adf22f8171b1ccc4d5682398e77f40309235",
                "sha256:1027c282dad077d0bae18be6794e6b6b8c91d58ed8a8d89a89d59693b9131db5",
                "sha256:13d3144e1e340870b25e7b10b98d779608c02016d5184cfb9927a9f10c689f42",
                "sha256:24982cc2533820871eba85ba648cd53d8623687ff11cbb805be4ff7b4c971aff",
                "sha256:29872e92839765e546828bb7754a68c418d927cd064fd4708fab9fe9c8bb116b",
                "sha256:43a55c2930bbc139570ac2452adf3d70cdbb3cfe5912c71cdce1c2c6bbd9c5d1",
                "sha256:46c99d2de99945ec5cb54f23c8cd5689f6d7177305ebff350a58ce5f8de1669e",
                "sha256:500d4957e52ddc3351cabf489e79c91c17f6e0899158447047588650b5e69183",
                "sha256:535f6fc4d397c1563d08b88e485c3496cf5784e927af890fb3c3aac7f933ec66",
                "sha256:596510de112c685489095da617b5bcbbac7dd6384aeebeda4df6025d0256a81b",
                "sha256:62fe6c95e3ec8a7fad637b7f3d372c15ec1caa01ab47926cfdf7a75b40e0eac1",
                "sha256:6788b695d50a51edb699cb55e35487e430fa21f1ed838122d722e0ff0ac5ba15",
                "sha256:6dd73240d2af64df90aa7c4e7481e23825ea70af4b4922f8ede5b9e35f78a3b1",
                "sha256:717ba8fe3ae9cc0006d7c451f0bb265ee07739daf76355d06366154ee68d221e",
                "sha256:79855e1c5b8da654cf486b830bd42c06e8780cea587384cf6545b7d9ac013a0b",
                "sha256:7c1699dfe0cf8ff607dbdcc1e9b9af1755371f92a68f706051cc8c37d447c905",
                "sha256:88e5fcfb52ee7b911e8bb6d6aa2fd21fbecc674eadd44118a9cc3863f938e735",
                "sha256:8defac2f2ccd6805ebf65f5eeb132adcf2ab57aa11fdf4c0dd5169a004710e7d",
                "sha256:98c7086708b163d425c67c7a91bad6e466bb99d797aa64f965e9d25c12111a5e",
                "sha256:9add70b36c5666a2ed02b43b335fe19002ee5235efd4b8a89bfcf9005bebac0d",
                "sha256:9bf40443012702a1d2070043cb6291650a0841ece432556f784f004937f0f32c",
                "sha256:ade5e387d2ad0d7ebf59146cc00c8044acbd863725f887353a10df825fc8ae21",
                "sha256:b00c1de48212e4cc9603895652c5c410df699856a2853135b3967591e4beebc2",
                "sha256:b1282f8c00509d99fef04d8ba936b156d419be841854fe901d8ae224c59f0be5",
                "sha256:b2051432115498d3562c084a49bba65d97cf251f5a331c64a12ee7e04dacc51b",
                "sha256:ba59edeaa2fc6114428f1637ffff42da1e311e29382d81b339c1817d37ec93c6",
                "sha256:c8716a48d94b06bb3b2524c2b77e055fb313aeb4ea620c8dd03a105574ba704f",
                "sha256:cd5df75523866410809ca100dc9681e301e3c27567cf498077e8551b6d20e42f",
                "sha256:cdb132fc825c38e1aeec2c8aa9338310d29d337bebbd7baa06889d09a60a1fa2",
                "sha256:e249096428b3ae81b08327a63a485ad0878de3fb939049038579ac0ef61e17e7",
                "sha256:e8313f01ba26fbbe36c7be1966a7b7424942f670f38e666995b88d012765b9be"
            ],
            "version": "==1.1.1"
        },
        "ply": {
            "hashes": [
                "sha256:00c7c1aaa88358b9c765b6d3000c6eec0ba42abca5351b095321aef446081da3",
                "sha256:096f9b8350b65ebd2fd1346b12452efe5b9607f7482813ffca50c22722a807ce"
            ],
            "version": "==3.11"
        },
        "prometheus-client": {
            "hashes": [
                "sha256:71cd24a2b3eb335cb800c7159f423df1bd4dcd5171b234be15e3f31ec9f622da"
            ],
            "index": "pypi",
            "version": "==0.7.1"
        },
        "psycopg2": {
            "hashes": [
                "sha256:4212ca404c4445dc5746c0d68db27d2cbfb87b523fe233dc84ecd24062e35677",
                "sha256:47fc642bf6f427805daf52d6e52619fe0637648fe27017062d898f3bf891419d",
                "sha256:72772181d9bad1fa349792a1e7384dde56742c14af2b9986013eb94a240f005b",
                "sha256:8396be6e5ff844282d4d49b81631772f80dabae5658d432202faf101f5283b7c",
                "sha256:893c11064b347b24ecdd277a094413e1954f8a4e8cdaf7ffbe7ca3db87c103f0",
                "sha256:92a07dfd4d7c325dd177548c4134052d4842222833576c8391aab6f74038fc3f",
                "sha256:965c4c93e33e6984d8031f74e51227bd755376a9df6993774fd5b6fb3288b1f4",
                "sha256:9ab75e0b2820880ae24b7136c4d230383e07db014456a476d096591172569c38",
                "sha256:b0845e3bdd4aa18dc2f9b6fb78fbd3d9d371ad167fd6d1b7ad01c0a6cdad4fc6",
                "sha256:dca2d7203f0dfce8ea4b3efd668f8ea65cd2b35112638e488a4c12594015f67b",
                "sha256:ed686e5926929887e2c7ae0a700e32c6129abb798b4ad2b846e933de21508151",
                "sha256:ef6df7e14698e79c59c7ee7cf94cd62e5b869db369ed4b1b8f7b729ea825712a",
                "sha256:f898e5cc0a662a9e12bde6f931263a1bbd350cfb18e1d5336a12927851825bb6"
            ],
            "index": "pypi",
            "version": "==2.8.4"
        },
        "pytz": {
            "hashes": [
                "sha256:1c557d7d0e871de1f5ccd5833f60fb2550652da6be2693c1e02300743d21500d",
                "sha256:b02c06db6cf09c12dd25137e563b31700d3b80fcc4ad23abb7a315f2789819be"
            ],
            "version": "==2019.3"
        },
        "six": {
            "hashes": [
                "sha256:236bdbdce46e6e6a3d61a337c0f8b763ca1e8717c03b369e87a7ec7ce1319c0a",
                "sha256:8f3cd2e254d8f793e7f3d6d9df77b92252b52637291d0f0da013c76ea2724b6c"
            ],
            "version": "==1.14.0"
        },
        "tornado": {
            "hashes": [
                "sha256:0fe2d45ba43b00a41cd73f8be321a44936dc1aba233dee979f17a042b83eb6dc",
                "sha256:22aed82c2ea340c3771e3babc5ef220272f6fd06b5108a53b4976d0d722bcd52",
                "sha256:2c027eb2a393d964b22b5c154d1a23a5f8727db6fda837118a776b29e2b8ebc6",
                "sha256:5217e601700f24e966ddab689f90b7ea4bd91ff3357c3600fa1045e26d68e55d",
                "sha256:5618f72e947533832cbc3dec54e1dffc1747a5cb17d1fd91577ed14fa0dc081b",
                "sha256:5f6a07e62e799be5d2330e68d808c8ac41d4a259b9cea61da4101b83cb5dc673",
                "sha256:c58d56003daf1b616336781b26d184023ea4af13ae143d9dda65e31e534940b9",
                "sha256:c952975c8ba74f546ae6de2e226ab3cc3cc11ae47baf607459a6728585bb542a",
                "sha256:c98232a3ac391f5faea6821b53db8db461157baa788f5d6222a193e9456e1740"
            ],
            "version": "==6.0.4"
        },
        "werkzeug": {
            "hashes": [
                "sha256:169ba8a33788476292d04186ab33b01d6add475033dfc07215e6d219cc077096",
                "sha256:6dc65cf9091cf750012f56f2cad759fa9e879f511b5ff8685e456b4e3bf90d16"
            ],
            "version": "==1.0.0"
        },
        "zope.interface": {
            "hashes": [
                "sha256:07afd6f3f5054962661b25307c9a1ce1684f7c7c3bf052f082305b124f918ffb",
                "sha256:126295492a6481d508d1ec06301f05ddec00079907c11851babefe1123ade7e6",
                "sha256:194795548ce9190004993d7adbc8e1795c75110771dc2068d3b8d0788499dcbb",
                "sha256:1f2700a02e2123daddc0f8eb698a7002864e5e230c0a48236d07f703917adf64",
                "sha256:2789ed1b3f5321924212666ec93fbba8eee72ec01b1bd9ba2976ab3465bcb6a1",
                "sha256:284eae159856673db576c0db618c3a18129ee97243ab2c65b2377e8f75a2b37b",
                "sha256:28e6d11e37eb33f8d7f391e6b43adfd63326bb3f5471ba541bb994758daebf57",
                "sha256:36c98098fdce470ee8b36f7a4b1d60eec34239e487edef323a2fdba52e94586f",
                "sha256:3c1cb55dcd159075af69f40e048cd05ad31b443f832c78de4f81bb5ff313a30d",
                "sha256:3e9ff47755a842b61e2d86c898071564761ffa5951b87acafe76190e04486e8f",
                "sha256:45f19b80ef03e5be144a21ab1c592368f001bbe47103b592e17218a201446c6b",
                "sha256:4c3f5ef617a93c4c9b996a7baa24aca489b5d9895ef9808044f56b2fd1fff71d",
                "sha256:51df4554325a614bca28ecd1dffd6c538dee2427d322b6f0f38283fbc04ee17c",
                "sha256:5d216d7f228bcc556c2d6358bf5f5e0b743fe2c6d61106562ff7c4d6d3bb59f0",
                "sha256:5dd85e1f491fc3ae38861f845aa55f261316e26bed460f27cf0744a2cd127870",
                "sha256:6afec58c1c09509fd2510e3b6568461f44c2d49130e73a774a59e411f693a903",
                "sha256:6c9d257b4a913352ca72bdcc3dc4bf1158349e8f9aedfeab97b1eb8888fbade5",
                "sha256:79616f2f9a000610cd838f4ba22ee36af8fa4c67f1c39524aeace05e3c82fe3a",
                "sha256:7b554935b8a6442d26f88c414e97d52b22316c15402718ce66b870ee9bb8ed1c",
                "sha256:9356ec81e4660b7507ffbc57c7629c187ca85e51e39b1d1fd590d223ce738dbe",
                "sha256:95af7f309f9b05d2abcff900e5d832d5c4cf7bb692ebd7ee131f765f86c1cbd9",
                "sha256:979a05c338fadaef2bb470b2aef31255dc0f43476061a44988384307995d9f7a",
                "sha256:97d13f61a986e089a2dab19c3b5233705cc92d3dccba0b4db9689b5be2ef4eca",
                "sha256:a1a757e199fc77fea6f293f8bdeb1b2b244ba015bb829aeba350c7c55789fb95",
                "sha256:a2f05a27b612186787f3addb65fb144ff27a6a66b5001010d0daeb4c2eb14145",
                "sha256:a67f8e3eadfb1280c286342852d2ee4cfeb4fe469c2585fd26c8aa47aae73c95",
                "sha256:b8720247c6244d772c7b911b89a516f856ac5d41f942c9b3c45b1ee9bdbbf370",
                "sha256:c43aad4ef895e9b5447045f3aa7bce39da271d6c2895b1cb7b4cf752210226fa",
                "sha256:dd0bc4016ec9ffa6d327bf3ba2f044c3ff376880661e5cc38c622e1ae023076f",
                "sha256:e039c81d9e7e2e6ec4306c7d8b49aa21dd087571fba01ea398b36649acea5391",
                "sha256:e37b3471a811103a916341755cc2cc3c55223202f4b84a640a6c2e60ca869b2a",
                "sha256:e52ceb49161c1f5acd653d4558523c87d1458db3c662913a72ced041f7ebe5ef",
                "sha256:e5a788384d39179533b63bde5aff56a2e26c194e6142d6ecb29e7127b145e2ac",
                "sha256:ec2cebff8e4ee8e7fdff28bb0e22be38027de7f49c48868a73620f48f72afa9a",
                "sha256:f4c516595d00599e8057146ebab9b68a726a6233ef20760c2f16d0340a79776c"
            ],
            "version": "==5.0.1"
        }
    },
    "develop": {}
}
